{
  "requires": true,
  "lockfileVersion": 1,
  "dependencies": {
    "give-me-an-avatar": {
      "version": "1.0.0",
      "resolved": "https://registry.npmjs.org/give-me-an-avatar/-/give-me-an-avatar-1.0.0.tgz",
      "integrity": "sha512-4KFmCYxmvGsI4SDru1ostkIZETBBQtu31TxZ05GjjY0+Jli63wb6zJgCkrzmy6QqeRdK644FMczivh+LsB8w6Q=="
    }
  }
}
